{
    "_readme": [
        "This file locks the dependencies of your project to a known state",
        "Read more about it at https://getcomposer.org/doc/01-basic-usage.md#installing-dependencies",
        "This file is @generated automatically"
    ],
    "content-hash": "2d3ca5f55cf4c9e49f8b57059a222803",
    "packages": [
        {
            "name": "karriere/json-decoder",
            "version": "dev-master",
            "source": {
                "type": "git",
                "url": "https://github.com/karriereat/json-decoder.git",
                "reference": "b059976e20c4fda3bbe6707c9bd5a3b9eb8a0b49"
            },
            "dist": {
                "type": "zip",
                "url": "https://api.github.com/repos/karriereat/json-decoder/zipball/b059976e20c4fda3bbe6707c9bd5a3b9eb8a0b49",
                "reference": "b059976e20c4fda3bbe6707c9bd5a3b9eb8a0b49",
                "shasum": ""
            },
            "require": {
                "php": ">=7.2"
            },
            "require-dev": {
                "karriere/code-quality": "^5.0",
                "sebastian/comparator": "^3.0",
                "sebastian/exporter": "^3.0",
                "sebastian/recursion-context": "^3.0"
            },
            "type": "library",
            "autoload": {
                "psr-4": {
                    "Karriere\\JsonDecoder\\": "src/"
                }
            },
            "notification-url": "https://packagist.org/downloads/",
            "license": [
                "Apache-2.0"
            ],
            "authors": [
                {
                    "name": "Johannes Pichler",
                    "email": "johannes.pichler@karriere.at",
                    "role": "Maintainer"
                }
            ],
            "description": "JsonDecoder implementation that allows you to convert your JSON data into PHP class objects",
            "keywords": [
                "decoder",
                "json"
            ],
            "time": "2020-04-10T19:02:21+00:00"
        },
        {
            "name": "sabre/uri",
            "version": "2.2.0",
            "source": {
                "type": "git",
                "url": "https://github.com/sabre-io/uri.git",
                "reference": "059d11012603be2e32ddb7543602965563ddbb09"
            },
            "dist": {
                "type": "zip",
                "url": "https://api.github.com/repos/sabre-io/uri/zipball/059d11012603be2e32ddb7543602965563ddbb09",
                "reference": "059d11012603be2e32ddb7543602965563ddbb09",
                "shasum": ""
            },
            "require": {
                "php": "^7.1"
            },
            "require-dev": {
                "friendsofphp/php-cs-fixer": "~2.16.1",
                "phpunit/phpunit": "^7 || ^8"
            },
            "type": "library",
            "autoload": {
                "files": [
                    "lib/functions.php"
                ],
                "psr-4": {
                    "Sabre\\Uri\\": "lib/"
                }
            },
            "notification-url": "https://packagist.org/downloads/",
            "license": [
                "BSD-3-Clause"
            ],
            "authors": [
                {
                    "name": "Evert Pot",
                    "email": "me@evertpot.com",
                    "homepage": "http://evertpot.com/",
                    "role": "Developer"
                }
            ],
            "description": "Functions for making sense out of URIs.",
            "homepage": "http://sabre.io/uri/",
            "keywords": [
                "rfc3986",
                "uri",
                "url"
            ],
            "time": "2020-01-31T18:53:43+00:00"
        },
        {
            "name": "sabre/xml",
            "version": "2.2.1",
            "source": {
                "type": "git",
                "url": "https://github.com/sabre-io/xml.git",
                "reference": "41c6ba148966b10cafd31d1a4e5feb1e2138d95c"
            },
            "dist": {
                "type": "zip",
                "url": "https://api.github.com/repos/sabre-io/xml/zipball/41c6ba148966b10cafd31d1a4e5feb1e2138d95c",
                "reference": "41c6ba148966b10cafd31d1a4e5feb1e2138d95c",
                "shasum": ""
            },
            "require": {
                "ext-dom": "*",
                "ext-xmlreader": "*",
                "ext-xmlwriter": "*",
                "lib-libxml": ">=2.6.20",
                "php": "^7.1",
                "sabre/uri": ">=1.0,<3.0.0"
            },
            "require-dev": {
                "friendsofphp/php-cs-fixer": "~2.16.1",
                "phpstan/phpstan": "^0.12",
                "phpunit/phpunit": "^7.5 || ^8.5 || ^9.0"
            },
            "type": "library",
            "autoload": {
                "psr-4": {
                    "Sabre\\Xml\\": "lib/"
                },
                "files": [
                    "lib/Deserializer/functions.php",
                    "lib/Serializer/functions.php"
                ]
            },
            "notification-url": "https://packagist.org/downloads/",
            "license": [
                "BSD-3-Clause"
            ],
            "authors": [
                {
                    "name": "Evert Pot",
                    "email": "me@evertpot.com",
                    "homepage": "http://evertpot.com/",
                    "role": "Developer"
                },
                {
                    "name": "Markus Staab",
                    "email": "markus.staab@redaxo.de",
                    "role": "Developer"
                }
            ],
            "description": "sabre/xml is an XML library that you may not hate.",
            "homepage": "https://sabre.io/xml/",
            "keywords": [
                "XMLReader",
                "XMLWriter",
                "dom",
                "xml"
            ],
            "time": "2020-05-11T09:44:55+00:00"
        }
    ],
    "packages-dev": [],
    "aliases": [],
    "minimum-stability": "stable",
    "stability-flags": {
        "karriere/json-decoder": 20
    },
    "prefer-stable": false,
    "prefer-lowest": false,
    "platform": [],
    "platform-dev": [],
    "plugin-api-version": "1.1.0"
}
